
Microsoft Visual Studio Solution File, Format Version 12.00
# Visual Studio Version 17
VisualStudioVersion = 17.5.33627.172
MinimumVisualStudioVersion = 10.0.40219.1
Project("{FAE04EC0-301F-11D3-BF4B-00C04F79EFBC}") = "Snake", "Snake\Snake.csproj", "{9839EDBD-5EC0-45D6-8487-C14AEB1BD685}"
EndProject
Global
	GlobalSection(SolutionConfigurationPlatforms) = preSolution
		Debug|Any CPU = Debug|Any CPU
		Release|Any CPU = Release|Any CPU
	EndGlobalSection
	GlobalSection(ProjectConfigurationPlatforms) = postSolution
		{9839EDBD-5EC0-45D6-8487-C14AEB1BD685}.Debug|Any CPU.ActiveCfg = Debug|Any CPU
		{9839EDBD-5EC0-45D6-8487-C14AEB1BD685}.Debug|Any CPU.Build.0 = Debug|Any CPU
		{9839EDBD-5EC0-45D6-8487-C14AEB1BD685}.Release|Any CPU.ActiveCfg = Release|Any CPU
		{9839EDBD-5EC0-45D6-8487-C14AEB1BD685}.Release|Any CPU.Build.0 = Release|Any CPU
	EndGlobalSection
	GlobalSection(SolutionProperties) = preSolution
		HideSolutionNode = FALSE
	EndGlobalSection
	GlobalSection(ExtensibilityGlobals) = postSolution
		SolutionGuid = {5861F3F4-A3A2-4A34-B086-8E385EC2C9A7}
	EndGlobalSection
EndGlobal
